{
  "name": "turbo-train",
  "lockfileVersion": 3,
  "requires": true,
  "packages": {
    "": {
      "dependencies": {
        "@trpc/client": "^10.37.1",
        "@trpc/server": "^10.37.1"
      }
    },
    "node_modules/@trpc/client": {
      "version": "10.37.1",
      "resolved": "https://registry.npmjs.org/@trpc/client/-/client-10.37.1.tgz",
      "integrity": "sha512-OSblNfeI0Z9ERn3usgLV2x63CwwPoNOHf1FQK85cOT7F8MNaWyEHoEv7tHUwNGJwyzKXmpU+ockZ0movzX3D0g==",
      "funding": [
        "https://trpc.io/sponsor"
      ],
      "peerDependencies": {
        "@trpc/server": "10.37.1"
      }
    },
    "node_modules/@trpc/server": {
      "version": "10.37.1",
      "resolved": "https://registry.npmjs.org/@trpc/server/-/server-10.37.1.tgz",
      "integrity": "sha512-r3VeA319/braYMBIzj+XLgLKQ9lJSVglvPvP9HUv4kr5w6Y5grQMxMcExhTiZWltE9bnSJHKtBBzHafOo7KC8A==",
      "funding": [
        "https://trpc.io/sponsor"
      ]
    }
  }
}
